
Microsoft Visual Studio Solution File, Format Version 12.00
# Visual Studio 2013
VisualStudioVersion = 12.0.31101.0
MinimumVisualStudioVersion = 10.0.40219.1
Project("{FAE04EC0-301F-11D3-BF4B-00C04F79EFBC}") = "KUDIR", "KUDIR\KUDIR.csproj", "{DBCB1333-45D4-4F8D-9677-0998868F5C19}"
EndProject
Project("{FAE04EC0-301F-11D3-BF4B-00C04F79EFBC}") = "Reports", "Reports\Reports.csproj", "{C55A1623-9CAE-4EF9-8E19-F48F08E44D72}"
EndProject
Global
	GlobalSection(SolutionConfigurationPlatforms) = preSolution
		Debug|Any CPU = Debug|Any CPU
		Release|Any CPU = Release|Any CPU
	EndGlobalSection
	GlobalSection(ProjectConfigurationPlatforms) = postSolution
		{DBCB1333-45D4-4F8D-9677-0998868F5C19}.Debug|Any CPU.ActiveCfg = Debug|Any CPU
		{DBCB1333-45D4-4F8D-9677-0998868F5C19}.Debug|Any CPU.Build.0 = Debug|Any CPU
		{DBCB1333-45D4-4F8D-9677-0998868F5C19}.Release|Any CPU.ActiveCfg = Release|Any CPU
		{DBCB1333-45D4-4F8D-9677-0998868F5C19}.Release|Any CPU.Build.0 = Release|Any CPU
		{C55A1623-9CAE-4EF9-8E19-F48F08E44D72}.Debug|Any CPU.ActiveCfg = Debug|Any CPU
		{C55A1623-9CAE-4EF9-8E19-F48F08E44D72}.Debug|Any CPU.Build.0 = Debug|Any CPU
		{C55A1623-9CAE-4EF9-8E19-F48F08E44D72}.Release|Any CPU.ActiveCfg = Release|Any CPU
		{C55A1623-9CAE-4EF9-8E19-F48F08E44D72}.Release|Any CPU.Build.0 = Release|Any CPU
	EndGlobalSection
	GlobalSection(SolutionProperties) = preSolution
		HideSolutionNode = FALSE
	EndGlobalSection
EndGlobal
